// !$*UTF8*$!
{
	archiveVersion = 1;
	classes = {
	};
	objectVersion = 56;
	objects = {

/* Begin PBXBuildFile section */
		DFA000022919DC1300A41CC7 /* AddWeatherView.swift in Sources */ = {isa = PBXBuildFile; fileRef = DFA000012919DC1300A41CC7 /* AddWeatherView.swift */; };
		DFA000042919ED5100A41CC7 /* HomeWeatherModel.swift in Sources */ = {isa = PBXBuildFile; fileRef = DFA000032919ED5100A41CC7 /* HomeWeatherModel.swift */; };
		DFA000062919EDCD00A41CC7 /* HomeWeatherViewModel.swift in Sources */ = {isa = PBXBuildFile; fileRef = DFA000052919EDCD00A41CC7 /* HomeWeatherViewModel.swift */; };
		DFA0FFC62919B0A900A41CC7 /* AppDelegate.swift in Sources */ = {isa = PBXBuildFile; fileRef = DFA0FFC52919B0A900A41CC7 /* AppDelegate.swift */; };
		DFA0FFC82919B0A900A41CC7 /* SceneDelegate.swift in Sources */ = {isa = PBXBuildFile; fileRef = DFA0FFC72919B0A900A41CC7 /* SceneDelegate.swift */; };
		DFA0FFCF2919B0AA00A41CC7 /* Assets.xcassets in Resources */ = {isa = PBXBuildFile; fileRef = DFA0FFCE2919B0AA00A41CC7 /* Assets.xcassets */; };
		DFA0FFD22919B0AA00A41CC7 /* LaunchScreen.storyboard in Resources */ = {isa = PBXBuildFile; fileRef = DFA0FFD02919B0AA00A41CC7 /* LaunchScreen.storyboard */; };
		DFA0FFDD2919B0AB00A41CC7 /* WeatherApp_MVVMTests.swift in Sources */ = {isa = PBXBuildFile; fileRef = DFA0FFDC2919B0AB00A41CC7 /* WeatherApp_MVVMTests.swift */; };
		DFA0FFE72919B0AB00A41CC7 /* WeatherApp_MVVMUITests.swift in Sources */ = {isa = PBXBuildFile; fileRef = DFA0FFE62919B0AB00A41CC7 /* WeatherApp_MVVMUITests.swift */; };
		DFA0FFE92919B0AB00A41CC7 /* WeatherApp_MVVMUITestsLaunchTests.swift in Sources */ = {isa = PBXBuildFile; fileRef = DFA0FFE82919B0AB00A41CC7 /* WeatherApp_MVVMUITestsLaunchTests.swift */; };
		DFA0FFFA2919B30500A41CC7 /* HomeViewController.swift in Sources */ = {isa = PBXBuildFile; fileRef = DFA0FFF92919B30500A41CC7 /* HomeViewController.swift */; };
		DFA0FFFC2919B8AB00A41CC7 /* HomeView.swift in Sources */ = {isa = PBXBuildFile; fileRef = DFA0FFFB2919B8AB00A41CC7 /* HomeView.swift */; };
		DFA0FFFE2919D6F000A41CC7 /* HomeWeatherCell.swift in Sources */ = {isa = PBXBuildFile; fileRef = DFA0FFFD2919D6F000A41CC7 /* HomeWeatherCell.swift */; };
		DFB53A69291AFD1C009C3CEF /* Coordinator.swift in Sources */ = {isa = PBXBuildFile; fileRef = DFB53A68291AFD1C009C3CEF /* Coordinator.swift */; };
		DFB53A6D291AFF56009C3CEF /* AppCoordinator.swift in Sources */ = {isa = PBXBuildFile; fileRef = DFB53A6C291AFF56009C3CEF /* AppCoordinator.swift */; };
		DFB53A70291B1C7B009C3CEF /* HomeCoordinator.swift in Sources */ = {isa = PBXBuildFile; fileRef = DFB53A6F291B1C7B009C3CEF /* HomeCoordinator.swift */; };
		DFB53A72291B1D64009C3CEF /* BaseCoordinator.swift in Sources */ = {isa = PBXBuildFile; fileRef = DFB53A71291B1D64009C3CEF /* BaseCoordinator.swift */; };
		DFB53A78291B2A66009C3CEF /* ViewControllersFactory.swift in Sources */ = {isa = PBXBuildFile; fileRef = DFB53A77291B2A66009C3CEF /* ViewControllersFactory.swift */; };
		DFB53A7A291B2A78009C3CEF /* ViewControllersFactoryProtocol.swift in Sources */ = {isa = PBXBuildFile; fileRef = DFB53A79291B2A78009C3CEF /* ViewControllersFactoryProtocol.swift */; };
/* End PBXBuildFile section */

/* Begin PBXContainerItemProxy section */
		DFA0FFD92919B0AB00A41CC7 /* PBXContainerItemProxy */ = {
			isa = PBXContainerItemProxy;
			containerPortal = DFA0FFBA2919B0A900A41CC7 /* Project object */;
			proxyType = 1;
			remoteGlobalIDString = DFA0FFC12919B0A900A41CC7;
			remoteInfo = "WeatherApp-MVVM";
		};
		DFA0FFE32919B0AB00A41CC7 /* PBXContainerItemProxy */ = {
			isa = PBXContainerItemProxy;
			containerPortal = DFA0FFBA2919B0A900A41CC7 /* Project object */;
			proxyType = 1;
			remoteGlobalIDString = DFA0FFC12919B0A900A41CC7;
			remoteInfo = "WeatherApp-MVVM";
		};
/* End PBXContainerItemProxy section */

/* Begin PBXFileReference section */
		DFA000012919DC1300A41CC7 /* AddWeatherView.swift */ = {isa = PBXFileReference; lastKnownFileType = sourcecode.swift; path = AddWeatherView.swift; sourceTree = "<group>"; };
		DFA000032919ED5100A41CC7 /* HomeWeatherModel.swift */ = {isa = PBXFileReference; lastKnownFileType = sourcecode.swift; path = HomeWeatherModel.swift; sourceTree = "<group>"; };
		DFA000052919EDCD00A41CC7 /* HomeWeatherViewModel.swift */ = {isa = PBXFileReference; lastKnownFileType = sourcecode.swift; path = HomeWeatherViewModel.swift; sourceTree = "<group>"; };
		DFA0FFC22919B0A900A41CC7 /* WeatherApp-MVVM.app */ = {isa = PBXFileReference; explicitFileType = wrapper.application; includeInIndex = 0; path = "WeatherApp-MVVM.app"; sourceTree = BUILT_PRODUCTS_DIR; };
		DFA0FFC52919B0A900A41CC7 /* AppDelegate.swift */ = {isa = PBXFileReference; lastKnownFileType = sourcecode.swift; path = AppDelegate.swift; sourceTree = "<group>"; };
		DFA0FFC72919B0A900A41CC7 /* SceneDelegate.swift */ = {isa = PBXFileReference; lastKnownFileType = sourcecode.swift; path = SceneDelegate.swift; sourceTree = "<group>"; };
		DFA0FFCE2919B0AA00A41CC7 /* Assets.xcassets */ = {isa = PBXFileReference; lastKnownFileType = folder.assetcatalog; path = Assets.xcassets; sourceTree = "<group>"; };
		DFA0FFD12919B0AA00A41CC7 /* Base */ = {isa = PBXFileReference; lastKnownFileType = file.storyboard; name = Base; path = Base.lproj/LaunchScreen.storyboard; sourceTree = "<group>"; };
		DFA0FFD32919B0AA00A41CC7 /* Info.plist */ = {isa = PBXFileReference; lastKnownFileType = text.plist.xml; path = Info.plist; sourceTree = "<group>"; };
		DFA0FFD82919B0AB00A41CC7 /* WeatherApp-MVVMTests.xctest */ = {isa = PBXFileReference; explicitFileType = wrapper.cfbundle; includeInIndex = 0; path = "WeatherApp-MVVMTests.xctest"; sourceTree = BUILT_PRODUCTS_DIR; };
		DFA0FFDC2919B0AB00A41CC7 /* WeatherApp_MVVMTests.swift */ = {isa = PBXFileReference; lastKnownFileType = sourcecode.swift; path = WeatherApp_MVVMTests.swift; sourceTree = "<group>"; };
		DFA0FFE22919B0AB00A41CC7 /* WeatherApp-MVVMUITests.xctest */ = {isa = PBXFileReference; explicitFileType = wrapper.cfbundle; includeInIndex = 0; path = "WeatherApp-MVVMUITests.xctest"; sourceTree = BUILT_PRODUCTS_DIR; };
		DFA0FFE62919B0AB00A41CC7 /* WeatherApp_MVVMUITests.swift */ = {isa = PBXFileReference; lastKnownFileType = sourcecode.swift; path = WeatherApp_MVVMUITests.swift; sourceTree = "<group>"; };
		DFA0FFE82919B0AB00A41CC7 /* WeatherApp_MVVMUITestsLaunchTests.swift */ = {isa = PBXFileReference; lastKnownFileType = sourcecode.swift; path = WeatherApp_MVVMUITestsLaunchTests.swift; sourceTree = "<group>"; };
		DFA0FFF92919B30500A41CC7 /* HomeViewController.swift */ = {isa = PBXFileReference; lastKnownFileType = sourcecode.swift; path = HomeViewController.swift; sourceTree = "<group>"; };
		DFA0FFFB2919B8AB00A41CC7 /* HomeView.swift */ = {isa = PBXFileReference; lastKnownFileType = sourcecode.swift; path = HomeView.swift; sourceTree = "<group>"; };
		DFA0FFFD2919D6F000A41CC7 /* HomeWeatherCell.swift */ = {isa = PBXFileReference; lastKnownFileType = sourcecode.swift; path = HomeWeatherCell.swift; sourceTree = "<group>"; };
		DFB53A68291AFD1C009C3CEF /* Coordinator.swift */ = {isa = PBXFileReference; lastKnownFileType = sourcecode.swift; path = Coordinator.swift; sourceTree = "<group>"; };
		DFB53A6C291AFF56009C3CEF /* AppCoordinator.swift */ = {isa = PBXFileReference; lastKnownFileType = sourcecode.swift; path = AppCoordinator.swift; sourceTree = "<group>"; };
		DFB53A6F291B1C7B009C3CEF /* HomeCoordinator.swift */ = {isa = PBXFileReference; lastKnownFileType = sourcecode.swift; path = HomeCoordinator.swift; sourceTree = "<group>"; };
		DFB53A71291B1D64009C3CEF /* BaseCoordinator.swift */ = {isa = PBXFileReference; lastKnownFileType = sourcecode.swift; path = BaseCoordinator.swift; sourceTree = "<group>"; };
		DFB53A77291B2A66009C3CEF /* ViewControllersFactory.swift */ = {isa = PBXFileReference; lastKnownFileType = sourcecode.swift; path = ViewControllersFactory.swift; sourceTree = "<group>"; };
		DFB53A79291B2A78009C3CEF /* ViewControllersFactoryProtocol.swift */ = {isa = PBXFileReference; lastKnownFileType = sourcecode.swift; path = ViewControllersFactoryProtocol.swift; sourceTree = "<group>"; };
/* End PBXFileReference section */

/* Begin PBXFrameworksBuildPhase section */
		DFA0FFBF2919B0A900A41CC7 /* Frameworks */ = {
			isa = PBXFrameworksBuildPhase;
			buildActionMask = 2147483647;
			files = (
			);
			runOnlyForDeploymentPostprocessing = 0;
		};
		DFA0FFD52919B0AB00A41CC7 /* Frameworks */ = {
			isa = PBXFrameworksBuildPhase;
			buildActionMask = 2147483647;
			files = (
			);
			runOnlyForDeploymentPostprocessing = 0;
		};
		DFA0FFDF2919B0AB00A41CC7 /* Frameworks */ = {
			isa = PBXFrameworksBuildPhase;
			buildActionMask = 2147483647;
			files = (
			);
			runOnlyForDeploymentPostprocessing = 0;
		};
/* End PBXFrameworksBuildPhase section */

/* Begin PBXGroup section */
		DFA000002919DBE400A41CC7 /* AddWeather */ = {
			isa = PBXGroup;
			children = (
				DFA000012919DC1300A41CC7 /* AddWeatherView.swift */,
			);
			path = AddWeather;
			sourceTree = "<group>";
		};
		DFA0FFB92919B0A900A41CC7 = {
			isa = PBXGroup;
			children = (
				DFA0FFC42919B0A900A41CC7 /* WeatherApp-MVVM */,
				DFA0FFDB2919B0AB00A41CC7 /* WeatherApp-MVVMTests */,
				DFA0FFE52919B0AB00A41CC7 /* WeatherApp-MVVMUITests */,
				DFA0FFC32919B0A900A41CC7 /* Products */,
			);
			sourceTree = "<group>";
		};
		DFA0FFC32919B0A900A41CC7 /* Products */ = {
			isa = PBXGroup;
			children = (
				DFA0FFC22919B0A900A41CC7 /* WeatherApp-MVVM.app */,
				DFA0FFD82919B0AB00A41CC7 /* WeatherApp-MVVMTests.xctest */,
				DFA0FFE22919B0AB00A41CC7 /* WeatherApp-MVVMUITests.xctest */,
			);
			name = Products;
			sourceTree = "<group>";
		};
		DFA0FFC42919B0A900A41CC7 /* WeatherApp-MVVM */ = {
			isa = PBXGroup;
			children = (
				DFA0FFD32919B0AA00A41CC7 /* Info.plist */,
				DFB53A73291B28E0009C3CEF /* App */,
				DFB53A74291B28F8009C3CEF /* UIKit */,
				DFB53A75291B2A3B009C3CEF /* Factory */,
				DFA0FFF82919B2DF00A41CC7 /* Home */,
				DFA000002919DBE400A41CC7 /* AddWeather */,
				DFB53A68291AFD1C009C3CEF /* Coordinator.swift */,
				DFB53A6C291AFF56009C3CEF /* AppCoordinator.swift */,
				DFB53A71291B1D64009C3CEF /* BaseCoordinator.swift */,
			);
			path = "WeatherApp-MVVM";
			sourceTree = "<group>";
		};
		DFA0FFDB2919B0AB00A41CC7 /* WeatherApp-MVVMTests */ = {
			isa = PBXGroup;
			children = (
				DFA0FFDC2919B0AB00A41CC7 /* WeatherApp_MVVMTests.swift */,
			);
			path = "WeatherApp-MVVMTests";
			sourceTree = "<group>";
		};
		DFA0FFE52919B0AB00A41CC7 /* WeatherApp-MVVMUITests */ = {
			isa = PBXGroup;
			children = (
				DFA0FFE62919B0AB00A41CC7 /* WeatherApp_MVVMUITests.swift */,
				DFA0FFE82919B0AB00A41CC7 /* WeatherApp_MVVMUITestsLaunchTests.swift */,
			);
			path = "WeatherApp-MVVMUITests";
			sourceTree = "<group>";
		};
		DFA0FFF52919B2AF00A41CC7 /* Model */ = {
			isa = PBXGroup;
			children = (
				DFA000032919ED5100A41CC7 /* HomeWeatherModel.swift */,
			);
			path = Model;
			sourceTree = "<group>";
		};
		DFA0FFF62919B2BD00A41CC7 /* ViewModel */ = {
			isa = PBXGroup;
			children = (
				DFA000052919EDCD00A41CC7 /* HomeWeatherViewModel.swift */,
			);
			path = ViewModel;
			sourceTree = "<group>";
		};
		DFA0FFF72919B2C700A41CC7 /* View */ = {
			isa = PBXGroup;
			children = (
				DFB53A67291AF8E9009C3CEF /* ViewCell */,
				DFA0FFFB2919B8AB00A41CC7 /* HomeView.swift */,
				DFA0FFF92919B30500A41CC7 /* HomeViewController.swift */,
			);
			path = View;
			sourceTree = "<group>";
		};
		DFA0FFF82919B2DF00A41CC7 /* Home */ = {
			isa = PBXGroup;
			children = (
				DFA0FFF52919B2AF00A41CC7 /* Model */,
				DFA0FFF72919B2C700A41CC7 /* View */,
				DFA0FFF62919B2BD00A41CC7 /* ViewModel */,
				DFB53A6E291B1C5A009C3CEF /* Coordinator */,
			);
			path = Home;
			sourceTree = "<group>";
		};
		DFB53A67291AF8E9009C3CEF /* ViewCell */ = {
			isa = PBXGroup;
			children = (
				DFA0FFFD2919D6F000A41CC7 /* HomeWeatherCell.swift */,
			);
			path = ViewCell;
			sourceTree = "<group>";
		};
		DFB53A6E291B1C5A009C3CEF /* Coordinator */ = {
			isa = PBXGroup;
			children = (
				DFB53A6F291B1C7B009C3CEF /* HomeCoordinator.swift */,
			);
			path = Coordinator;
			sourceTree = "<group>";
		};
		DFB53A73291B28E0009C3CEF /* App */ = {
			isa = PBXGroup;
			children = (
				DFA0FFD02919B0AA00A41CC7 /* LaunchScreen.storyboard */,
				DFA0FFC52919B0A900A41CC7 /* AppDelegate.swift */,
				DFA0FFC72919B0A900A41CC7 /* SceneDelegate.swift */,
			);
			path = App;
			sourceTree = "<group>";
		};
		DFB53A74291B28F8009C3CEF /* UIKit */ = {
			isa = PBXGroup;
			children = (
				DFA0FFCE2919B0AA00A41CC7 /* Assets.xcassets */,
			);
			path = UIKit;
			sourceTree = "<group>";
		};
		DFB53A75291B2A3B009C3CEF /* Factory */ = {
			isa = PBXGroup;
			children = (
				DFB53A76291B2A4D009C3CEF /* ViewControllers */,
			);
			path = Factory;
			sourceTree = "<group>";
		};
		DFB53A76291B2A4D009C3CEF /* ViewControllers */ = {
			isa = PBXGroup;
			children = (
				DFB53A77291B2A66009C3CEF /* ViewControllersFactory.swift */,
				DFB53A79291B2A78009C3CEF /* ViewControllersFactoryProtocol.swift */,
			);
			path = ViewControllers;
			sourceTree = "<group>";
		};
/* End PBXGroup section */

/* Begin PBXNativeTarget section */
		DFA0FFC12919B0A900A41CC7 /* WeatherApp-MVVM */ = {
			isa = PBXNativeTarget;
			buildConfigurationList = DFA0FFEC2919B0AB00A41CC7 /* Build configuration list for PBXNativeTarget "WeatherApp-MVVM" */;
			buildPhases = (
				DFA0FFBE2919B0A900A41CC7 /* Sources */,
				DFA0FFBF2919B0A900A41CC7 /* Frameworks */,
				DFA0FFC02919B0A900A41CC7 /* Resources */,
			);
			buildRules = (
			);
			dependencies = (
			);
			name = "WeatherApp-MVVM";
			productName = "WeatherApp-MVVM";
			productReference = DFA0FFC22919B0A900A41CC7 /* WeatherApp-MVVM.app */;
			productType = "com.apple.product-type.application";
		};
		DFA0FFD72919B0AB00A41CC7 /* WeatherApp-MVVMTests */ = {
			isa = PBXNativeTarget;
			buildConfigurationList = DFA0FFEF2919B0AB00A41CC7 /* Build configuration list for PBXNativeTarget "WeatherApp-MVVMTests" */;
			buildPhases = (
				DFA0FFD42919B0AB00A41CC7 /* Sources */,
				DFA0FFD52919B0AB00A41CC7 /* Frameworks */,
				DFA0FFD62919B0AB00A41CC7 /* Resources */,
			);
			buildRules = (
			);
			dependencies = (
				DFA0FFDA2919B0AB00A41CC7 /* PBXTargetDependency */,
			);
			name = "WeatherApp-MVVMTests";
			productName = "WeatherApp-MVVMTests";
			productReference = DFA0FFD82919B0AB00A41CC7 /* WeatherApp-MVVMTests.xctest */;
			productType = "com.apple.product-type.bundle.unit-test";
		};
		DFA0FFE12919B0AB00A41CC7 /* WeatherApp-MVVMUITests */ = {
			isa = PBXNativeTarget;
			buildConfigurationList = DFA0FFF22919B0AB00A41CC7 /* Build configuration list for PBXNativeTarget "WeatherApp-MVVMUITests" */;
			buildPhases = (
				DFA0FFDE2919B0AB00A41CC7 /* Sources */,
				DFA0FFDF2919B0AB00A41CC7 /* Frameworks */,
				DFA0FFE02919B0AB00A41CC7 /* Resources */,
			);
			buildRules = (
			);
			dependencies = (
				DFA0FFE42919B0AB00A41CC7 /* PBXTargetDependency */,
			);
			name = "WeatherApp-MVVMUITests";
			productName = "WeatherApp-MVVMUITests";
			productReference = DFA0FFE22919B0AB00A41CC7 /* WeatherApp-MVVMUITests.xctest */;
			productType = "com.apple.product-type.bundle.ui-testing";
		};
/* End PBXNativeTarget section */

/* Begin PBXProject section */
		DFA0FFBA2919B0A900A41CC7 /* Project object */ = {
			isa = PBXProject;
			attributes = {
				BuildIndependentTargetsInParallel = 1;
				LastSwiftUpdateCheck = 1410;
				LastUpgradeCheck = 1410;
				TargetAttributes = {
					DFA0FFC12919B0A900A41CC7 = {
						CreatedOnToolsVersion = 14.1;
					};
					DFA0FFD72919B0AB00A41CC7 = {
						CreatedOnToolsVersion = 14.1;
						TestTargetID = DFA0FFC12919B0A900A41CC7;
					};
					DFA0FFE12919B0AB00A41CC7 = {
						CreatedOnToolsVersion = 14.1;
						TestTargetID = DFA0FFC12919B0A900A41CC7;
					};
				};
			};
			buildConfigurationList = DFA0FFBD2919B0A900A41CC7 /* Build configuration list for PBXProject "WeatherApp-MVVM" */;
			compatibilityVersion = "Xcode 14.0";
			developmentRegion = en;
			hasScannedForEncodings = 0;
			knownRegions = (
				en,
				Base,
			);
			mainGroup = DFA0FFB92919B0A900A41CC7;
			productRefGroup = DFA0FFC32919B0A900A41CC7 /* Products */;
			projectDirPath = "";
			projectRoot = "";
			targets = (
				DFA0FFC12919B0A900A41CC7 /* WeatherApp-MVVM */,
				DFA0FFD72919B0AB00A41CC7 /* WeatherApp-MVVMTests */,
				DFA0FFE12919B0AB00A41CC7 /* WeatherApp-MVVMUITests */,
			);
		};
/* End PBXProject section */

/* Begin PBXResourcesBuildPhase section */
		DFA0FFC02919B0A900A41CC7 /* Resources */ = {
			isa = PBXResourcesBuildPhase;
			buildActionMask = 2147483647;
			files = (
				DFA0FFD22919B0AA00A41CC7 /* LaunchScreen.storyboard in Resources */,
				DFA0FFCF2919B0AA00A41CC7 /* Assets.xcassets in Resources */,
			);
			runOnlyForDeploymentPostprocessing = 0;
		};
		DFA0FFD62919B0AB00A41CC7 /* Resources */ = {
			isa = PBXResourcesBuildPhase;
			buildActionMask = 2147483647;
			files = (
			);
			runOnlyForDeploymentPostprocessing = 0;
		};
		DFA0FFE02919B0AB00A41CC7 /* Resources */ = {
			isa = PBXResourcesBuildPhase;
			buildActionMask = 2147483647;
			files = (
			);
			runOnlyForDeploymentPostprocessing = 0;
		};
/* End PBXResourcesBuildPhase section */

/* Begin PBXSourcesBuildPhase section */
		DFA0FFBE2919B0A900A41CC7 /* Sources */ = {
			isa = PBXSourcesBuildPhase;
			buildActionMask = 2147483647;
			files = (
				DFB53A78291B2A66009C3CEF /* ViewControllersFactory.swift in Sources */,
				DFA0FFC62919B0A900A41CC7 /* AppDelegate.swift in Sources */,
				DFA0FFFC2919B8AB00A41CC7 /* HomeView.swift in Sources */,
				DFB53A72291B1D64009C3CEF /* BaseCoordinator.swift in Sources */,
				DFA000062919EDCD00A41CC7 /* HomeWeatherViewModel.swift in Sources */,
				DFA0FFC82919B0A900A41CC7 /* SceneDelegate.swift in Sources */,
				DFA000022919DC1300A41CC7 /* AddWeatherView.swift in Sources */,
				DFB53A70291B1C7B009C3CEF /* HomeCoordinator.swift in Sources */,
				DFB53A6D291AFF56009C3CEF /* AppCoordinator.swift in Sources */,
				DFA000042919ED5100A41CC7 /* HomeWeatherModel.swift in Sources */,
				DFA0FFFE2919D6F000A41CC7 /* HomeWeatherCell.swift in Sources */,
				DFB53A7A291B2A78009C3CEF /* ViewControllersFactoryProtocol.swift in Sources */,
				DFA0FFFA2919B30500A41CC7 /* HomeViewController.swift in Sources */,
				DFB53A69291AFD1C009C3CEF /* Coordinator.swift in Sources */,
			);
			runOnlyForDeploymentPostprocessing = 0;
		};
		DFA0FFD42919B0AB00A41CC7 /* Sources */ = {
			isa = PBXSourcesBuildPhase;
			buildActionMask = 2147483647;
			files = (
				DFA0FFDD2919B0AB00A41CC7 /* WeatherApp_MVVMTests.swift in Sources */,
			);
			runOnlyForDeploymentPostprocessing = 0;
		};
		DFA0FFDE2919B0AB00A41CC7 /* Sources */ = {
			isa = PBXSourcesBuildPhase;
			buildActionMask = 2147483647;
			files = (
				DFA0FFE72919B0AB00A41CC7 /* WeatherApp_MVVMUITests.swift in Sources */,
				DFA0FFE92919B0AB00A41CC7 /* WeatherApp_MVVMUITestsLaunchTests.swift in Sources */,
			);
			runOnlyForDeploymentPostprocessing = 0;
		};
/* End PBXSourcesBuildPhase section */

/* Begin PBXTargetDependency section */
		DFA0FFDA2919B0AB00A41CC7 /* PBXTargetDependency */ = {
			isa = PBXTargetDependency;
			target = DFA0FFC12919B0A900A41CC7 /* WeatherApp-MVVM */;
			targetProxy = DFA0FFD92919B0AB00A41CC7 /* PBXContainerItemProxy */;
		};
		DFA0FFE42919B0AB00A41CC7 /* PBXTargetDependency */ = {
			isa = PBXTargetDependency;
			target = DFA0FFC12919B0A900A41CC7 /* WeatherApp-MVVM */;
			targetProxy = DFA0FFE32919B0AB00A41CC7 /* PBXContainerItemProxy */;
		};
/* End PBXTargetDependency section */

/* Begin PBXVariantGroup section */
		DFA0FFD02919B0AA00A41CC7 /* LaunchScreen.storyboard */ = {
			isa = PBXVariantGroup;
			children = (
				DFA0FFD12919B0AA00A41CC7 /* Base */,
			);
			name = LaunchScreen.storyboard;
			sourceTree = "<group>";
		};
/* End PBXVariantGroup section */

/* Begin XCBuildConfiguration section */
		DFA0FFEA2919B0AB00A41CC7 /* Debug */ = {
			isa = XCBuildConfiguration;
			buildSettings = {
				ALWAYS_SEARCH_USER_PATHS = NO;
				CLANG_ANALYZER_NONNULL = YES;
				CLANG_ANALYZER_NUMBER_OBJECT_CONVERSION = YES_AGGRESSIVE;
				CLANG_CXX_LANGUAGE_STANDARD = "gnu++20";
				CLANG_ENABLE_MODULES = YES;
				CLANG_ENABLE_OBJC_ARC = YES;
				CLANG_ENABLE_OBJC_WEAK = YES;
				CLANG_WARN_BLOCK_CAPTURE_AUTORELEASING = YES;
				CLANG_WARN_BOOL_CONVERSION = YES;
				CLANG_WARN_COMMA = YES;
				CLANG_WARN_CONSTANT_CONVERSION = YES;
				CLANG_WARN_DEPRECATED_OBJC_IMPLEMENTATIONS = YES;
				CLANG_WARN_DIRECT_OBJC_ISA_USAGE = YES_ERROR;
				CLANG_WARN_DOCUMENTATION_COMMENTS = YES;
				CLANG_WARN_EMPTY_BODY = YES;
				CLANG_WARN_ENUM_CONVERSION = YES;
				CLANG_WARN_INFINITE_RECURSION = YES;
				CLANG_WARN_INT_CONVERSION = YES;
				CLANG_WARN_NON_LITERAL_NULL_CONVERSION = YES;
				CLANG_WARN_OBJC_IMPLICIT_RETAIN_SELF = YES;
				CLANG_WARN_OBJC_LITERAL_CONVERSION = YES;
				CLANG_WARN_OBJC_ROOT_CLASS = YES_ERROR;
				CLANG_WARN_QUOTED_INCLUDE_IN_FRAMEWORK_HEADER = YES;
				CLANG_WARN_RANGE_LOOP_ANALYSIS = YES;
				CLANG_WARN_STRICT_PROTOTYPES = YES;
				CLANG_WARN_SUSPICIOUS_MOVE = YES;
				CLANG_WARN_UNGUARDED_AVAILABILITY = YES_AGGRESSIVE;
				CLANG_WARN_UNREACHABLE_CODE = YES;
				CLANG_WARN__DUPLICATE_METHOD_MATCH = YES;
				COPY_PHASE_STRIP = NO;
				DEBUG_INFORMATION_FORMAT = dwarf;
				ENABLE_STRICT_OBJC_MSGSEND = YES;
				ENABLE_TESTABILITY = YES;
				GCC_C_LANGUAGE_STANDARD = gnu11;
				GCC_DYNAMIC_NO_PIC = NO;
				GCC_NO_COMMON_BLOCKS = YES;
				GCC_OPTIMIZATION_LEVEL = 0;
				GCC_PREPROCESSOR_DEFINITIONS = (
					"DEBUG=1",
					"$(inherited)",
				);
				GCC_WARN_64_TO_32_BIT_CONVERSION = YES;
				GCC_WARN_ABOUT_RETURN_TYPE = YES_ERROR;
				GCC_WARN_UNDECLARED_SELECTOR = YES;
				GCC_WARN_UNINITIALIZED_AUTOS = YES_AGGRESSIVE;
				GCC_WARN_UNUSED_FUNCTION = YES;
				GCC_WARN_UNUSED_VARIABLE = YES;
				IPHONEOS_DEPLOYMENT_TARGET = 16.1;
				MTL_ENABLE_DEBUG_INFO = INCLUDE_SOURCE;
				MTL_FAST_MATH = YES;
				ONLY_ACTIVE_ARCH = YES;
				SDKROOT = iphoneos;
				SWIFT_ACTIVE_COMPILATION_CONDITIONS = DEBUG;
				SWIFT_OPTIMIZATION_LEVEL = "-Onone";
			};
			name = Debug;
		};
		DFA0FFEB2919B0AB00A41CC7 /* Release */ = {
			isa = XCBuildConfiguration;
			buildSettings = {
				ALWAYS_SEARCH_USER_PATHS = NO;
				CLANG_ANALYZER_NONNULL = YES;
				CLANG_ANALYZER_NUMBER_OBJECT_CONVERSION = YES_AGGRESSIVE;
				CLANG_CXX_LANGUAGE_STANDARD = "gnu++20";
				CLANG_ENABLE_MODULES = YES;
				CLANG_ENABLE_OBJC_ARC = YES;
				CLANG_ENABLE_OBJC_WEAK = YES;
				CLANG_WARN_BLOCK_CAPTURE_AUTORELEASING = YES;
				CLANG_WARN_BOOL_CONVERSION = YES;
				CLANG_WARN_COMMA = YES;
				CLANG_WARN_CONSTANT_CONVERSION = YES;
				CLANG_WARN_DEPRECATED_OBJC_IMPLEMENTATIONS = YES;
				CLANG_WARN_DIRECT_OBJC_ISA_USAGE = YES_ERROR;
				CLANG_WARN_DOCUMENTATION_COMMENTS = YES;
				CLANG_WARN_EMPTY_BODY = YES;
				CLANG_WARN_ENUM_CONVERSION = YES;
				CLANG_WARN_INFINITE_RECURSION = YES;
				CLANG_WARN_INT_CONVERSION = YES;
				CLANG_WARN_NON_LITERAL_NULL_CONVERSION = YES;
				CLANG_WARN_OBJC_IMPLICIT_RETAIN_SELF = YES;
				CLANG_WARN_OBJC_LITERAL_CONVERSION = YES;
				CLANG_WARN_OBJC_ROOT_CLASS = YES_ERROR;
				CLANG_WARN_QUOTED_INCLUDE_IN_FRAMEWORK_HEADER = YES;
				CLANG_WARN_RANGE_LOOP_ANALYSIS = YES;
				CLANG_WARN_STRICT_PROTOTYPES = YES;
				CLANG_WARN_SUSPICIOUS_MOVE = YES;
				CLANG_WARN_UNGUARDED_AVAILABILITY = YES_AGGRESSIVE;
				CLANG_WARN_UNREACHABLE_CODE = YES;
				CLANG_WARN__DUPLICATE_METHOD_MATCH = YES;
				COPY_PHASE_STRIP = NO;
				DEBUG_INFORMATION_FORMAT = "dwarf-with-dsym";
				ENABLE_NS_ASSERTIONS = NO;
				ENABLE_STRICT_OBJC_MSGSEND = YES;
				GCC_C_LANGUAGE_STANDARD = gnu11;
				GCC_NO_COMMON_BLOCKS = YES;
				GCC_WARN_64_TO_32_BIT_CONVERSION = YES;
				GCC_WARN_ABOUT_RETURN_TYPE = YES_ERROR;
				GCC_WARN_UNDECLARED_SELECTOR = YES;
				GCC_WARN_UNINITIALIZED_AUTOS = YES_AGGRESSIVE;
				GCC_WARN_UNUSED_FUNCTION = YES;
				GCC_WARN_UNUSED_VARIABLE = YES;
				IPHONEOS_DEPLOYMENT_TARGET = 16.1;
				MTL_ENABLE_DEBUG_INFO = NO;
				MTL_FAST_MATH = YES;
				SDKROOT = iphoneos;
				SWIFT_COMPILATION_MODE = wholemodule;
				SWIFT_OPTIMIZATION_LEVEL = "-O";
				VALIDATE_PRODUCT = YES;
			};
			name = Release;
		};
		DFA0FFED2919B0AB00A41CC7 /* Debug */ = {
			isa = XCBuildConfiguration;
			buildSettings = {
				ASSETCATALOG_COMPILER_APPICON_NAME = AppIcon;
				ASSETCATALOG_COMPILER_GLOBAL_ACCENT_COLOR_NAME = AccentColor;
				CODE_SIGN_STYLE = Automatic;
				CURRENT_PROJECT_VERSION = 1;
				DEVELOPMENT_TEAM = 2ANN3WL84D;
				GENERATE_INFOPLIST_FILE = YES;
				INFOPLIST_FILE = "WeatherApp-MVVM/Info.plist";
				INFOPLIST_KEY_UIApplicationSupportsIndirectInputEvents = YES;
				INFOPLIST_KEY_UILaunchStoryboardName = LaunchScreen;
				INFOPLIST_KEY_UIMainStoryboardFile = "";
				INFOPLIST_KEY_UISupportedInterfaceOrientations_iPad = "UIInterfaceOrientationPortrait UIInterfaceOrientationPortraitUpsideDown UIInterfaceOrientationLandscapeLeft UIInterfaceOrientationLandscapeRight";
				INFOPLIST_KEY_UISupportedInterfaceOrientations_iPhone = "UIInterfaceOrientationPortrait UIInterfaceOrientationLandscapeLeft UIInterfaceOrientationLandscapeRight";
				LD_RUNPATH_SEARCH_PATHS = (
					"$(inherited)",
					"@executable_path/Frameworks",
				);
				MARKETING_VERSION = 1.0;
				PRODUCT_BUNDLE_IDENTIFIER = "ravi.navarro.WeatherApp-MVVM";
				PRODUCT_NAME = "$(TARGET_NAME)";
				SWIFT_EMIT_LOC_STRINGS = YES;
				SWIFT_VERSION = 5.0;
				TARGETED_DEVICE_FAMILY = "1,2";
			};
			name = Debug;
		};
		DFA0FFEE2919B0AB00A41CC7 /* Release */ = {
			isa = XCBuildConfiguration;
			buildSettings = {
				ASSETCATALOG_COMPILER_APPICON_NAME = AppIcon;
				ASSETCATALOG_COMPILER_GLOBAL_ACCENT_COLOR_NAME = AccentColor;
				CODE_SIGN_STYLE = Automatic;
				CURRENT_PROJECT_VERSION = 1;
				DEVELOPMENT_TEAM = 2ANN3WL84D;
				GENERATE_INFOPLIST_FILE = YES;
				INFOPLIST_FILE = "WeatherApp-MVVM/Info.plist";
				INFOPLIST_KEY_UIApplicationSupportsIndirectInputEvents = YES;
				INFOPLIST_KEY_UILaunchStoryboardName = LaunchScreen;
				INFOPLIST_KEY_UIMainStoryboardFile = "";
				INFOPLIST_KEY_UISupportedInterfaceOrientations_iPad = "UIInterfaceOrientationPortrait UIInterfaceOrientationPortraitUpsideDown UIInterfaceOrientationLandscapeLeft UIInterfaceOrientationLandscapeRight";
				INFOPLIST_KEY_UISupportedInterfaceOrientations_iPhone = "UIInterfaceOrientationPortrait UIInterfaceOrientationLandscapeLeft UIInterfaceOrientationLandscapeRight";
				LD_RUNPATH_SEARCH_PATHS = (
					"$(inherited)",
					"@executable_path/Frameworks",
				);
				MARKETING_VERSION = 1.0;
				PRODUCT_BUNDLE_IDENTIFIER = "ravi.navarro.WeatherApp-MVVM";
				PRODUCT_NAME = "$(TARGET_NAME)";
				SWIFT_EMIT_LOC_STRINGS = YES;
				SWIFT_VERSION = 5.0;
				TARGETED_DEVICE_FAMILY = "1,2";
			};
			name = Release;
		};
		DFA0FFF02919B0AB00A41CC7 /* Debug */ = {
			isa = XCBuildConfiguration;
			buildSettings = {
				ALWAYS_EMBED_SWIFT_STANDARD_LIBRARIES = YES;
				BUNDLE_LOADER = "$(TEST_HOST)";
				CODE_SIGN_STYLE = Automatic;
				CURRENT_PROJECT_VERSION = 1;
				DEVELOPMENT_TEAM = 2ANN3WL84D;
				GENERATE_INFOPLIST_FILE = YES;
				IPHONEOS_DEPLOYMENT_TARGET = 16.1;
				MARKETING_VERSION = 1.0;
				PRODUCT_BUNDLE_IDENTIFIER = "ravi.navarro.WeatherApp-MVVMTests";
				PRODUCT_NAME = "$(TARGET_NAME)";
				SWIFT_EMIT_LOC_STRINGS = NO;
				SWIFT_VERSION = 5.0;
				TARGETED_DEVICE_FAMILY = "1,2";
				TEST_HOST = "$(BUILT_PRODUCTS_DIR)/WeatherApp-MVVM.app/$(BUNDLE_EXECUTABLE_FOLDER_PATH)/WeatherApp-MVVM";
			};
			name = Debug;
		};
		DFA0FFF12919B0AB00A41CC7 /* Release */ = {
			isa = XCBuildConfiguration;
			buildSettings = {
				ALWAYS_EMBED_SWIFT_STANDARD_LIBRARIES = YES;
				BUNDLE_LOADER = "$(TEST_HOST)";
				CODE_SIGN_STYLE = Automatic;
				CURRENT_PROJECT_VERSION = 1;
				DEVELOPMENT_TEAM = 2ANN3WL84D;
				GENERATE_INFOPLIST_FILE = YES;
				IPHONEOS_DEPLOYMENT_TARGET = 16.1;
				MARKETING_VERSION = 1.0;
				PRODUCT_BUNDLE_IDENTIFIER = "ravi.navarro.WeatherApp-MVVMTests";
				PRODUCT_NAME = "$(TARGET_NAME)";
				SWIFT_EMIT_LOC_STRINGS = NO;
				SWIFT_VERSION = 5.0;
				TARGETED_DEVICE_FAMILY = "1,2";
				TEST_HOST = "$(BUILT_PRODUCTS_DIR)/WeatherApp-MVVM.app/$(BUNDLE_EXECUTABLE_FOLDER_PATH)/WeatherApp-MVVM";
			};
			name = Release;
		};
		DFA0FFF32919B0AB00A41CC7 /* Debug */ = {
			isa = XCBuildConfiguration;
			buildSettings = {
				ALWAYS_EMBED_SWIFT_STANDARD_LIBRARIES = YES;
				CODE_SIGN_STYLE = Automatic;
				CURRENT_PROJECT_VERSION = 1;
				DEVELOPMENT_TEAM = 2ANN3WL84D;
				GENERATE_INFOPLIST_FILE = YES;
				MARKETING_VERSION = 1.0;
				PRODUCT_BUNDLE_IDENTIFIER = "ravi.navarro.WeatherApp-MVVMUITests";
				PRODUCT_NAME = "$(TARGET_NAME)";
				SWIFT_EMIT_LOC_STRINGS = NO;
				SWIFT_VERSION = 5.0;
				TARGETED_DEVICE_FAMILY = "1,2";
				TEST_TARGET_NAME = "WeatherApp-MVVM";
			};
			name = Debug;
		};
		DFA0FFF42919B0AB00A41CC7 /* Release */ = {
			isa = XCBuildConfiguration;
			buildSettings = {
				ALWAYS_EMBED_SWIFT_STANDARD_LIBRARIES = YES;
				CODE_SIGN_STYLE = Automatic;
				CURRENT_PROJECT_VERSION = 1;
				DEVELOPMENT_TEAM = 2ANN3WL84D;
				GENERATE_INFOPLIST_FILE = YES;
				MARKETING_VERSION = 1.0;
				PRODUCT_BUNDLE_IDENTIFIER = "ravi.navarro.WeatherApp-MVVMUITests";
				PRODUCT_NAME = "$(TARGET_NAME)";
				SWIFT_EMIT_LOC_STRINGS = NO;
				SWIFT_VERSION = 5.0;
				TARGETED_DEVICE_FAMILY = "1,2";
				TEST_TARGET_NAME = "WeatherApp-MVVM";
			};
			name = Release;
		};
/* End XCBuildConfiguration section */

/* Begin XCConfigurationList section */
		DFA0FFBD2919B0A900A41CC7 /* Build configuration list for PBXProject "WeatherApp-MVVM" */ = {
			isa = XCConfigurationList;
			buildConfigurations = (
				DFA0FFEA2919B0AB00A41CC7 /* Debug */,
				DFA0FFEB2919B0AB00A41CC7 /* Release */,
			);
			defaultConfigurationIsVisible = 0;
			defaultConfigurationName = Release;
		};
		DFA0FFEC2919B0AB00A41CC7 /* Build configuration list for PBXNativeTarget "WeatherApp-MVVM" */ = {
			isa = XCConfigurationList;
			buildConfigurations = (
				DFA0FFED2919B0AB00A41CC7 /* Debug */,
				DFA0FFEE2919B0AB00A41CC7 /* Release */,
			);
			defaultConfigurationIsVisible = 0;
			defaultConfigurationName = Release;
		};
		DFA0FFEF2919B0AB00A41CC7 /* Build configuration list for PBXNativeTarget "WeatherApp-MVVMTests" */ = {
			isa = XCConfigurationList;
			buildConfigurations = (
				DFA0FFF02919B0AB00A41CC7 /* Debug */,
				DFA0FFF12919B0AB00A41CC7 /* Release */,
			);
			defaultConfigurationIsVisible = 0;
			defaultConfigurationName = Release;
		};
		DFA0FFF22919B0AB00A41CC7 /* Build configuration list for PBXNativeTarget "WeatherApp-MVVMUITests" */ = {
			isa = XCConfigurationList;
			buildConfigurations = (
				DFA0FFF32919B0AB00A41CC7 /* Debug */,
				DFA0FFF42919B0AB00A41CC7 /* Release */,
			);
			defaultConfigurationIsVisible = 0;
			defaultConfigurationName = Release;
		};
/* End XCConfigurationList section */
	};
	rootObject = DFA0FFBA2919B0A900A41CC7 /* Project object */;
}
